
Microsoft Visual Studio Solution File, Format Version 12.00
# Visual Studio Version 17
VisualStudioVersion = 17.7.34031.279
MinimumVisualStudioVersion = 10.0.40219.1
Project("{FAE04EC0-301F-11D3-BF4B-00C04F79EFBC}") = "Lab03-01", "Lab03-01\Lab03-01.csproj", "{0DB8B32A-3B3A-42C7-B086-41B621F90ADE}"
EndProject
Project("{FAE04EC0-301F-11D3-BF4B-00C04F79EFBC}") = "Lab03-02", "Lab03-02\Lab03-02.csproj", "{D089F3B7-4710-47A2-BE9E-72EEACB7D3ED}"
EndProject
Global
	GlobalSection(SolutionConfigurationPlatforms) = preSolution
		Debug|Any CPU = Debug|Any CPU
		Release|Any CPU = Release|Any CPU
	EndGlobalSection
	GlobalSection(ProjectConfigurationPlatforms) = postSolution
		{0DB8B32A-3B3A-42C7-B086-41B621F90ADE}.Debug|Any CPU.ActiveCfg = Debug|Any CPU
		{0DB8B32A-3B3A-42C7-B086-41B621F90ADE}.Debug|Any CPU.Build.0 = Debug|Any CPU
		{0DB8B32A-3B3A-42C7-B086-41B621F90ADE}.Release|Any CPU.ActiveCfg = Release|Any CPU
		{0DB8B32A-3B3A-42C7-B086-41B621F90ADE}.Release|Any CPU.Build.0 = Release|Any CPU
		{D089F3B7-4710-47A2-BE9E-72EEACB7D3ED}.Debug|Any CPU.ActiveCfg = Debug|Any CPU
		{D089F3B7-4710-47A2-BE9E-72EEACB7D3ED}.Debug|Any CPU.Build.0 = Debug|Any CPU
		{D089F3B7-4710-47A2-BE9E-72EEACB7D3ED}.Release|Any CPU.ActiveCfg = Release|Any CPU
		{D089F3B7-4710-47A2-BE9E-72EEACB7D3ED}.Release|Any CPU.Build.0 = Release|Any CPU
	EndGlobalSection
	GlobalSection(SolutionProperties) = preSolution
		HideSolutionNode = FALSE
	EndGlobalSection
	GlobalSection(ExtensibilityGlobals) = postSolution
		SolutionGuid = {95951363-C51D-4694-A38B-E112BFA8A4FD}
	EndGlobalSection
EndGlobal
