
Microsoft Visual Studio Solution File, Format Version 12.00
# Visual Studio Version 17
VisualStudioVersion = 17.6.33815.320
MinimumVisualStudioVersion = 10.0.40219.1
Project("{FAE04EC0-301F-11D3-BF4B-00C04F79EFBC}") = "Lab01-01", "Lab01-01\Lab01-01.csproj", "{38758F37-0468-4903-A399-A1DA4A7BE022}"
EndProject
Project("{FAE04EC0-301F-11D3-BF4B-00C04F79EFBC}") = "Lab01-02", "Lab01-02\Lab01-02.csproj", "{8A841C26-D530-4689-B1BC-E0CB9116B895}"
EndProject
Project("{FAE04EC0-301F-11D3-BF4B-00C04F79EFBC}") = "Lab01-03", "Lab01-03\Lab01-03.csproj", "{F103057B-0576-42B6-BFA8-80633286D438}"
EndProject
Global
	GlobalSection(SolutionConfigurationPlatforms) = preSolution
		Debug|Any CPU = Debug|Any CPU
		Release|Any CPU = Release|Any CPU
	EndGlobalSection
	GlobalSection(ProjectConfigurationPlatforms) = postSolution
		{38758F37-0468-4903-A399-A1DA4A7BE022}.Debug|Any CPU.ActiveCfg = Debug|Any CPU
		{38758F37-0468-4903-A399-A1DA4A7BE022}.Debug|Any CPU.Build.0 = Debug|Any CPU
		{38758F37-0468-4903-A399-A1DA4A7BE022}.Release|Any CPU.ActiveCfg = Release|Any CPU
		{38758F37-0468-4903-A399-A1DA4A7BE022}.Release|Any CPU.Build.0 = Release|Any CPU
		{8A841C26-D530-4689-B1BC-E0CB9116B895}.Debug|Any CPU.ActiveCfg = Debug|Any CPU
		{8A841C26-D530-4689-B1BC-E0CB9116B895}.Debug|Any CPU.Build.0 = Debug|Any CPU
		{8A841C26-D530-4689-B1BC-E0CB9116B895}.Release|Any CPU.ActiveCfg = Release|Any CPU
		{8A841C26-D530-4689-B1BC-E0CB9116B895}.Release|Any CPU.Build.0 = Release|Any CPU
		{F103057B-0576-42B6-BFA8-80633286D438}.Debug|Any CPU.ActiveCfg = Debug|Any CPU
		{F103057B-0576-42B6-BFA8-80633286D438}.Debug|Any CPU.Build.0 = Debug|Any CPU
		{F103057B-0576-42B6-BFA8-80633286D438}.Release|Any CPU.ActiveCfg = Release|Any CPU
		{F103057B-0576-42B6-BFA8-80633286D438}.Release|Any CPU.Build.0 = Release|Any CPU
	EndGlobalSection
	GlobalSection(SolutionProperties) = preSolution
		HideSolutionNode = FALSE
	EndGlobalSection
	GlobalSection(ExtensibilityGlobals) = postSolution
		SolutionGuid = {25B5E9BC-C971-47CC-B891-0CE656876B20}
	EndGlobalSection
EndGlobal
