
Microsoft Visual Studio Solution File, Format Version 12.00
# Visual Studio Version 17
VisualStudioVersion = 17.6.33815.320
MinimumVisualStudioVersion = 10.0.40219.1
Project("{FAE04EC0-301F-11D3-BF4B-00C04F79EFBC}") = "BTNC", "BTNC.csproj", "{5CE21C2A-01CA-4314-8CB6-D3676DBEF0CC}"
EndProject
Global
	GlobalSection(SolutionConfigurationPlatforms) = preSolution
		Debug|Any CPU = Debug|Any CPU
		Release|Any CPU = Release|Any CPU
	EndGlobalSection
	GlobalSection(ProjectConfigurationPlatforms) = postSolution
		{5CE21C2A-01CA-4314-8CB6-D3676DBEF0CC}.Debug|Any CPU.ActiveCfg = Debug|Any CPU
		{5CE21C2A-01CA-4314-8CB6-D3676DBEF0CC}.Debug|Any CPU.Build.0 = Debug|Any CPU
		{5CE21C2A-01CA-4314-8CB6-D3676DBEF0CC}.Release|Any CPU.ActiveCfg = Release|Any CPU
		{5CE21C2A-01CA-4314-8CB6-D3676DBEF0CC}.Release|Any CPU.Build.0 = Release|Any CPU
	EndGlobalSection
	GlobalSection(SolutionProperties) = preSolution
		HideSolutionNode = FALSE
	EndGlobalSection
	GlobalSection(ExtensibilityGlobals) = postSolution
		SolutionGuid = {52BA8706-F3BD-4079-B3A2-ADDBD513C0A1}
	EndGlobalSection
EndGlobal
